// !$*UTF8*$!
{
	archiveVersion = 1;
	classes = {
	};
	objectVersion = 56;
	objects = {

/* Begin PBXBuildFile section */
		421AEA96C26EB78C2B469E43 /* Pods_HWlesson26Tests.framework in Frameworks */ = {isa = PBXBuildFile; fileRef = 463223F2482542E2B609B761 /* Pods_HWlesson26Tests.framework */; };
		A76A936D2BA0703A00D4F774 /* AppDelegate.swift in Sources */ = {isa = PBXBuildFile; fileRef = A76A936C2BA0703A00D4F774 /* AppDelegate.swift */; };
		A76A936F2BA0703A00D4F774 /* SceneDelegate.swift in Sources */ = {isa = PBXBuildFile; fileRef = A76A936E2BA0703A00D4F774 /* SceneDelegate.swift */; };
		A76A93712BA0703A00D4F774 /* ViewController.swift in Sources */ = {isa = PBXBuildFile; fileRef = A76A93702BA0703A00D4F774 /* ViewController.swift */; };
		A76A93742BA0703A00D4F774 /* Base in Resources */ = {isa = PBXBuildFile; fileRef = A76A93732BA0703A00D4F774 /* Base */; };
		A76A93762BA0703B00D4F774 /* Assets.xcassets in Resources */ = {isa = PBXBuildFile; fileRef = A76A93752BA0703B00D4F774 /* Assets.xcassets */; };
		A76A93792BA0703B00D4F774 /* Base in Resources */ = {isa = PBXBuildFile; fileRef = A76A93782BA0703B00D4F774 /* Base */; };
		A76A93842BA0703B00D4F774 /* HWlesson26_1Tests.swift in Sources */ = {isa = PBXBuildFile; fileRef = A76A93832BA0703B00D4F774 /* HWlesson26_1Tests.swift */; };
		A76A938E2BA0703B00D4F774 /* HWlesson26_1UITests.swift in Sources */ = {isa = PBXBuildFile; fileRef = A76A938D2BA0703B00D4F774 /* HWlesson26_1UITests.swift */; };
		A76A93902BA0703B00D4F774 /* HWlesson26_1UITestsLaunchTests.swift in Sources */ = {isa = PBXBuildFile; fileRef = A76A938F2BA0703B00D4F774 /* HWlesson26_1UITestsLaunchTests.swift */; };
		A76A939F2BA0708300D4F774 /* Users.swift in Sources */ = {isa = PBXBuildFile; fileRef = A76A939E2BA0708300D4F774 /* Users.swift */; };
		A76A93A12BA070D200D4F774 /* NetworkManager.swift in Sources */ = {isa = PBXBuildFile; fileRef = A76A93A02BA070D200D4F774 /* NetworkManager.swift */; };
		A76A93A52BA0809A00D4F774 /* UsersTableViewCell.swift in Sources */ = {isa = PBXBuildFile; fileRef = A76A93A42BA0809A00D4F774 /* UsersTableViewCell.swift */; };
		BA4F3EEA5BA7B32CAE0B6289 /* Pods_HWlesson26.framework in Frameworks */ = {isa = PBXBuildFile; fileRef = 5F060DE1B070D70588C3F0CA /* Pods_HWlesson26.framework */; };
		E9AB9DE7DA9182F3A2C309FD /* Pods_HWlesson26_HWlesson26UITests.framework in Frameworks */ = {isa = PBXBuildFile; fileRef = 67B3572877FA51EF73F82499 /* Pods_HWlesson26_HWlesson26UITests.framework */; };
/* End PBXBuildFile section */

/* Begin PBXContainerItemProxy section */
		A76A93802BA0703B00D4F774 /* PBXContainerItemProxy */ = {
			isa = PBXContainerItemProxy;
			containerPortal = A76A93612BA0703A00D4F774 /* Project object */;
			proxyType = 1;
			remoteGlobalIDString = A76A93682BA0703A00D4F774;
			remoteInfo = "HWlesson26-1";
		};
		A76A938A2BA0703B00D4F774 /* PBXContainerItemProxy */ = {
			isa = PBXContainerItemProxy;
			containerPortal = A76A93612BA0703A00D4F774 /* Project object */;
			proxyType = 1;
			remoteGlobalIDString = A76A93682BA0703A00D4F774;
			remoteInfo = "HWlesson26-1";
		};
/* End PBXContainerItemProxy section */

/* Begin PBXFileReference section */
		060AB2A9DC54A7A058151BA2 /* Pods-HWlesson26-HWlesson26UITests.debug.xcconfig */ = {isa = PBXFileReference; includeInIndex = 1; lastKnownFileType = text.xcconfig; name = "Pods-HWlesson26-HWlesson26UITests.debug.xcconfig"; path = "Target Support Files/Pods-HWlesson26-HWlesson26UITests/Pods-HWlesson26-HWlesson26UITests.debug.xcconfig"; sourceTree = "<group>"; };
		463223F2482542E2B609B761 /* Pods_HWlesson26Tests.framework */ = {isa = PBXFileReference; explicitFileType = wrapper.framework; includeInIndex = 0; path = Pods_HWlesson26Tests.framework; sourceTree = BUILT_PRODUCTS_DIR; };
		5F060DE1B070D70588C3F0CA /* Pods_HWlesson26.framework */ = {isa = PBXFileReference; explicitFileType = wrapper.framework; includeInIndex = 0; path = Pods_HWlesson26.framework; sourceTree = BUILT_PRODUCTS_DIR; };
		67B3572877FA51EF73F82499 /* Pods_HWlesson26_HWlesson26UITests.framework */ = {isa = PBXFileReference; explicitFileType = wrapper.framework; includeInIndex = 0; path = Pods_HWlesson26_HWlesson26UITests.framework; sourceTree = BUILT_PRODUCTS_DIR; };
		74C9B2F4C8397EE0D5AE8E5A /* Pods-HWlesson26-HWlesson26UITests.release.xcconfig */ = {isa = PBXFileReference; includeInIndex = 1; lastKnownFileType = text.xcconfig; name = "Pods-HWlesson26-HWlesson26UITests.release.xcconfig"; path = "Target Support Files/Pods-HWlesson26-HWlesson26UITests/Pods-HWlesson26-HWlesson26UITests.release.xcconfig"; sourceTree = "<group>"; };
		776F42A6BE3E4E9FADBD3765 /* Pods-HWlesson26Tests.debug.xcconfig */ = {isa = PBXFileReference; includeInIndex = 1; lastKnownFileType = text.xcconfig; name = "Pods-HWlesson26Tests.debug.xcconfig"; path = "Target Support Files/Pods-HWlesson26Tests/Pods-HWlesson26Tests.debug.xcconfig"; sourceTree = "<group>"; };
		78495E7B4F7B7A353865B041 /* Pods-HWlesson26Tests.release.xcconfig */ = {isa = PBXFileReference; includeInIndex = 1; lastKnownFileType = text.xcconfig; name = "Pods-HWlesson26Tests.release.xcconfig"; path = "Target Support Files/Pods-HWlesson26Tests/Pods-HWlesson26Tests.release.xcconfig"; sourceTree = "<group>"; };
		8219DDB5AB8CDC99DBCF9582 /* Pods-HWlesson26.debug.xcconfig */ = {isa = PBXFileReference; includeInIndex = 1; lastKnownFileType = text.xcconfig; name = "Pods-HWlesson26.debug.xcconfig"; path = "Target Support Files/Pods-HWlesson26/Pods-HWlesson26.debug.xcconfig"; sourceTree = "<group>"; };
		A76A93692BA0703A00D4F774 /* HWlesson26.app */ = {isa = PBXFileReference; explicitFileType = wrapper.application; includeInIndex = 0; path = HWlesson26.app; sourceTree = BUILT_PRODUCTS_DIR; };
		A76A936C2BA0703A00D4F774 /* AppDelegate.swift */ = {isa = PBXFileReference; lastKnownFileType = sourcecode.swift; path = AppDelegate.swift; sourceTree = "<group>"; };
		A76A936E2BA0703A00D4F774 /* SceneDelegate.swift */ = {isa = PBXFileReference; lastKnownFileType = sourcecode.swift; path = SceneDelegate.swift; sourceTree = "<group>"; };
		A76A93702BA0703A00D4F774 /* ViewController.swift */ = {isa = PBXFileReference; lastKnownFileType = sourcecode.swift; path = ViewController.swift; sourceTree = "<group>"; };
		A76A93732BA0703A00D4F774 /* Base */ = {isa = PBXFileReference; lastKnownFileType = file.storyboard; name = Base; path = Base.lproj/Main.storyboard; sourceTree = "<group>"; };
		A76A93752BA0703B00D4F774 /* Assets.xcassets */ = {isa = PBXFileReference; lastKnownFileType = folder.assetcatalog; path = Assets.xcassets; sourceTree = "<group>"; };
		A76A93782BA0703B00D4F774 /* Base */ = {isa = PBXFileReference; lastKnownFileType = file.storyboard; name = Base; path = Base.lproj/LaunchScreen.storyboard; sourceTree = "<group>"; };
		A76A937A2BA0703B00D4F774 /* Info.plist */ = {isa = PBXFileReference; lastKnownFileType = text.plist.xml; path = Info.plist; sourceTree = "<group>"; };
		A76A937F2BA0703B00D4F774 /* HWlesson26Tests.xctest */ = {isa = PBXFileReference; explicitFileType = wrapper.cfbundle; includeInIndex = 0; path = HWlesson26Tests.xctest; sourceTree = BUILT_PRODUCTS_DIR; };
		A76A93832BA0703B00D4F774 /* HWlesson26_1Tests.swift */ = {isa = PBXFileReference; lastKnownFileType = sourcecode.swift; path = HWlesson26_1Tests.swift; sourceTree = "<group>"; };
		A76A93892BA0703B00D4F774 /* HWlesson26UITests.xctest */ = {isa = PBXFileReference; explicitFileType = wrapper.cfbundle; includeInIndex = 0; path = HWlesson26UITests.xctest; sourceTree = BUILT_PRODUCTS_DIR; };
		A76A938D2BA0703B00D4F774 /* HWlesson26_1UITests.swift */ = {isa = PBXFileReference; lastKnownFileType = sourcecode.swift; path = HWlesson26_1UITests.swift; sourceTree = "<group>"; };
		A76A938F2BA0703B00D4F774 /* HWlesson26_1UITestsLaunchTests.swift */ = {isa = PBXFileReference; lastKnownFileType = sourcecode.swift; path = HWlesson26_1UITestsLaunchTests.swift; sourceTree = "<group>"; };
		A76A939E2BA0708300D4F774 /* Users.swift */ = {isa = PBXFileReference; lastKnownFileType = sourcecode.swift; path = Users.swift; sourceTree = "<group>"; };
		A76A93A02BA070D200D4F774 /* NetworkManager.swift */ = {isa = PBXFileReference; lastKnownFileType = sourcecode.swift; path = NetworkManager.swift; sourceTree = "<group>"; };
		A76A93A42BA0809A00D4F774 /* UsersTableViewCell.swift */ = {isa = PBXFileReference; lastKnownFileType = sourcecode.swift; path = UsersTableViewCell.swift; sourceTree = "<group>"; };
		BAAE06A58C9764D4484915CE /* Pods-HWlesson26.release.xcconfig */ = {isa = PBXFileReference; includeInIndex = 1; lastKnownFileType = text.xcconfig; name = "Pods-HWlesson26.release.xcconfig"; path = "Target Support Files/Pods-HWlesson26/Pods-HWlesson26.release.xcconfig"; sourceTree = "<group>"; };
/* End PBXFileReference section */

/* Begin PBXFrameworksBuildPhase section */
		A76A93662BA0703A00D4F774 /* Frameworks */ = {
			isa = PBXFrameworksBuildPhase;
			buildActionMask = 2147483647;
			files = (
				BA4F3EEA5BA7B32CAE0B6289 /* Pods_HWlesson26.framework in Frameworks */,
			);
			runOnlyForDeploymentPostprocessing = 0;
		};
		A76A937C2BA0703B00D4F774 /* Frameworks */ = {
			isa = PBXFrameworksBuildPhase;
			buildActionMask = 2147483647;
			files = (
				421AEA96C26EB78C2B469E43 /* Pods_HWlesson26Tests.framework in Frameworks */,
			);
			runOnlyForDeploymentPostprocessing = 0;
		};
		A76A93862BA0703B00D4F774 /* Frameworks */ = {
			isa = PBXFrameworksBuildPhase;
			buildActionMask = 2147483647;
			files = (
				E9AB9DE7DA9182F3A2C309FD /* Pods_HWlesson26_HWlesson26UITests.framework in Frameworks */,
			);
			runOnlyForDeploymentPostprocessing = 0;
		};
/* End PBXFrameworksBuildPhase section */

/* Begin PBXGroup section */
		0AC455102233B522D9DF7443 /* Frameworks */ = {
			isa = PBXGroup;
			children = (
				5F060DE1B070D70588C3F0CA /* Pods_HWlesson26.framework */,
				67B3572877FA51EF73F82499 /* Pods_HWlesson26_HWlesson26UITests.framework */,
				463223F2482542E2B609B761 /* Pods_HWlesson26Tests.framework */,
			);
			name = Frameworks;
			sourceTree = "<group>";
		};
		60356D99763FFCD54C96F893 /* Pods */ = {
			isa = PBXGroup;
			children = (
				8219DDB5AB8CDC99DBCF9582 /* Pods-HWlesson26.debug.xcconfig */,
				BAAE06A58C9764D4484915CE /* Pods-HWlesson26.release.xcconfig */,
				060AB2A9DC54A7A058151BA2 /* Pods-HWlesson26-HWlesson26UITests.debug.xcconfig */,
				74C9B2F4C8397EE0D5AE8E5A /* Pods-HWlesson26-HWlesson26UITests.release.xcconfig */,
				776F42A6BE3E4E9FADBD3765 /* Pods-HWlesson26Tests.debug.xcconfig */,
				78495E7B4F7B7A353865B041 /* Pods-HWlesson26Tests.release.xcconfig */,
			);
			path = Pods;
			sourceTree = "<group>";
		};
		A76A93602BA0703A00D4F774 = {
			isa = PBXGroup;
			children = (
				A76A936B2BA0703A00D4F774 /* HWlesson26-1 */,
				A76A93822BA0703B00D4F774 /* HWlesson26-1Tests */,
				A76A938C2BA0703B00D4F774 /* HWlesson26-1UITests */,
				A76A936A2BA0703A00D4F774 /* Products */,
				60356D99763FFCD54C96F893 /* Pods */,
				0AC455102233B522D9DF7443 /* Frameworks */,
			);
			sourceTree = "<group>";
		};
		A76A936A2BA0703A00D4F774 /* Products */ = {
			isa = PBXGroup;
			children = (
				A76A93692BA0703A00D4F774 /* HWlesson26.app */,
				A76A937F2BA0703B00D4F774 /* HWlesson26Tests.xctest */,
				A76A93892BA0703B00D4F774 /* HWlesson26UITests.xctest */,
			);
			name = Products;
			sourceTree = "<group>";
		};
		A76A936B2BA0703A00D4F774 /* HWlesson26-1 */ = {
			isa = PBXGroup;
			children = (
				A76A936C2BA0703A00D4F774 /* AppDelegate.swift */,
				A76A936E2BA0703A00D4F774 /* SceneDelegate.swift */,
				A76A93702BA0703A00D4F774 /* ViewController.swift */,
				A76A93A42BA0809A00D4F774 /* UsersTableViewCell.swift */,
				A76A93A02BA070D200D4F774 /* NetworkManager.swift */,
				A76A939E2BA0708300D4F774 /* Users.swift */,
				A76A93722BA0703A00D4F774 /* Main.storyboard */,
				A76A93752BA0703B00D4F774 /* Assets.xcassets */,
				A76A93772BA0703B00D4F774 /* LaunchScreen.storyboard */,
				A76A937A2BA0703B00D4F774 /* Info.plist */,
			);
			path = "HWlesson26-1";
			sourceTree = "<group>";
		};
		A76A93822BA0703B00D4F774 /* HWlesson26-1Tests */ = {
			isa = PBXGroup;
			children = (
				A76A93832BA0703B00D4F774 /* HWlesson26_1Tests.swift */,
			);
			path = "HWlesson26-1Tests";
			sourceTree = "<group>";
		};
		A76A938C2BA0703B00D4F774 /* HWlesson26-1UITests */ = {
			isa = PBXGroup;
			children = (
				A76A938D2BA0703B00D4F774 /* HWlesson26_1UITests.swift */,
				A76A938F2BA0703B00D4F774 /* HWlesson26_1UITestsLaunchTests.swift */,
			);
			path = "HWlesson26-1UITests";
			sourceTree = "<group>";
		};
/* End PBXGroup section */

/* Begin PBXNativeTarget section */
		A76A93682BA0703A00D4F774 /* HWlesson26 */ = {
			isa = PBXNativeTarget;
			buildConfigurationList = A76A93932BA0703B00D4F774 /* Build configuration list for PBXNativeTarget "HWlesson26" */;
			buildPhases = (
				D1B66319AA2F6D94046128F1 /* [CP] Check Pods Manifest.lock */,
				A76A93652BA0703A00D4F774 /* Sources */,
				A76A93662BA0703A00D4F774 /* Frameworks */,
				A76A93672BA0703A00D4F774 /* Resources */,
				10D4B35FC557E2FB1BB0AFE3 /* [CP] Embed Pods Frameworks */,
			);
			buildRules = (
			);
			dependencies = (
			);
			name = HWlesson26;
			productName = "HWlesson26-1";
			productReference = A76A93692BA0703A00D4F774 /* HWlesson26.app */;
			productType = "com.apple.product-type.application";
		};
		A76A937E2BA0703B00D4F774 /* HWlesson26Tests */ = {
			isa = PBXNativeTarget;
			buildConfigurationList = A76A93962BA0703B00D4F774 /* Build configuration list for PBXNativeTarget "HWlesson26Tests" */;
			buildPhases = (
				59501EDD3EA8E0F3AD378770 /* [CP] Check Pods Manifest.lock */,
				A76A937B2BA0703B00D4F774 /* Sources */,
				A76A937C2BA0703B00D4F774 /* Frameworks */,
				A76A937D2BA0703B00D4F774 /* Resources */,
			);
			buildRules = (
			);
			dependencies = (
				A76A93812BA0703B00D4F774 /* PBXTargetDependency */,
			);
			name = HWlesson26Tests;
			productName = "HWlesson26-1Tests";
			productReference = A76A937F2BA0703B00D4F774 /* HWlesson26Tests.xctest */;
			productType = "com.apple.product-type.bundle.unit-test";
		};
		A76A93882BA0703B00D4F774 /* HWlesson26UITests */ = {
			isa = PBXNativeTarget;
			buildConfigurationList = A76A93992BA0703B00D4F774 /* Build configuration list for PBXNativeTarget "HWlesson26UITests" */;
			buildPhases = (
				E41E95C1D5CB5B2EEDD6A16B /* [CP] Check Pods Manifest.lock */,
				A76A93852BA0703B00D4F774 /* Sources */,
				A76A93862BA0703B00D4F774 /* Frameworks */,
				A76A93872BA0703B00D4F774 /* Resources */,
				D0D6858ED3ABCB0D38FF09BE /* [CP] Embed Pods Frameworks */,
			);
			buildRules = (
			);
			dependencies = (
				A76A938B2BA0703B00D4F774 /* PBXTargetDependency */,
			);
			name = HWlesson26UITests;
			productName = "HWlesson26-1UITests";
			productReference = A76A93892BA0703B00D4F774 /* HWlesson26UITests.xctest */;
			productType = "com.apple.product-type.bundle.ui-testing";
		};
/* End PBXNativeTarget section */

/* Begin PBXProject section */
		A76A93612BA0703A00D4F774 /* Project object */ = {
			isa = PBXProject;
			attributes = {
				BuildIndependentTargetsInParallel = 1;
				LastSwiftUpdateCheck = 1530;
				LastUpgradeCheck = 1530;
				TargetAttributes = {
					A76A93682BA0703A00D4F774 = {
						CreatedOnToolsVersion = 15.3;
					};
					A76A937E2BA0703B00D4F774 = {
						CreatedOnToolsVersion = 15.3;
						TestTargetID = A76A93682BA0703A00D4F774;
					};
					A76A93882BA0703B00D4F774 = {
						CreatedOnToolsVersion = 15.3;
						TestTargetID = A76A93682BA0703A00D4F774;
					};
				};
			};
			buildConfigurationList = A76A93642BA0703A00D4F774 /* Build configuration list for PBXProject "HWlesson26" */;
			compatibilityVersion = "Xcode 14.0";
			developmentRegion = en;
			hasScannedForEncodings = 0;
			knownRegions = (
				en,
				Base,
			);
			mainGroup = A76A93602BA0703A00D4F774;
			productRefGroup = A76A936A2BA0703A00D4F774 /* Products */;
			projectDirPath = "";
			projectRoot = "";
			targets = (
				A76A93682BA0703A00D4F774 /* HWlesson26 */,
				A76A937E2BA0703B00D4F774 /* HWlesson26Tests */,
				A76A93882BA0703B00D4F774 /* HWlesson26UITests */,
			);
		};
/* End PBXProject section */

/* Begin PBXResourcesBuildPhase section */
		A76A93672BA0703A00D4F774 /* Resources */ = {
			isa = PBXResourcesBuildPhase;
			buildActionMask = 2147483647;
			files = (
				A76A93762BA0703B00D4F774 /* Assets.xcassets in Resources */,
				A76A93792BA0703B00D4F774 /* Base in Resources */,
				A76A93742BA0703A00D4F774 /* Base in Resources */,
			);
			runOnlyForDeploymentPostprocessing = 0;
		};
		A76A937D2BA0703B00D4F774 /* Resources */ = {
			isa = PBXResourcesBuildPhase;
			buildActionMask = 2147483647;
			files = (
			);
			runOnlyForDeploymentPostprocessing = 0;
		};
		A76A93872BA0703B00D4F774 /* Resources */ = {
			isa = PBXResourcesBuildPhase;
			buildActionMask = 2147483647;
			files = (
			);
			runOnlyForDeploymentPostprocessing = 0;
		};
/* End PBXResourcesBuildPhase section */

/* Begin PBXShellScriptBuildPhase section */
		10D4B35FC557E2FB1BB0AFE3 /* [CP] Embed Pods Frameworks */ = {
			isa = PBXShellScriptBuildPhase;
			buildActionMask = 2147483647;
			files = (
			);
			inputFileListPaths = (
				"${PODS_ROOT}/Target Support Files/Pods-HWlesson26/Pods-HWlesson26-frameworks-${CONFIGURATION}-input-files.xcfilelist",
			);
			name = "[CP] Embed Pods Frameworks";
			outputFileListPaths = (
				"${PODS_ROOT}/Target Support Files/Pods-HWlesson26/Pods-HWlesson26-frameworks-${CONFIGURATION}-output-files.xcfilelist",
			);
			runOnlyForDeploymentPostprocessing = 0;
			shellPath = /bin/sh;
			shellScript = "\"${PODS_ROOT}/Target Support Files/Pods-HWlesson26/Pods-HWlesson26-frameworks.sh\"\n";
			showEnvVarsInLog = 0;
		};
		59501EDD3EA8E0F3AD378770 /* [CP] Check Pods Manifest.lock */ = {
			isa = PBXShellScriptBuildPhase;
			buildActionMask = 2147483647;
			files = (
			);
			inputFileListPaths = (
			);
			inputPaths = (
				"${PODS_PODFILE_DIR_PATH}/Podfile.lock",
				"${PODS_ROOT}/Manifest.lock",
			);
			name = "[CP] Check Pods Manifest.lock";
			outputFileListPaths = (
			);
			outputPaths = (
				"$(DERIVED_FILE_DIR)/Pods-HWlesson26Tests-checkManifestLockResult.txt",
			);
			runOnlyForDeploymentPostprocessing = 0;
			shellPath = /bin/sh;
			shellScript = "diff \"${PODS_PODFILE_DIR_PATH}/Podfile.lock\" \"${PODS_ROOT}/Manifest.lock\" > /dev/null\nif [ $? != 0 ] ; then\n    # print error to STDERR\n    echo \"error: The sandbox is not in sync with the Podfile.lock. Run 'pod install' or update your CocoaPods installation.\" >&2\n    exit 1\nfi\n# This output is used by Xcode 'outputs' to avoid re-running this script phase.\necho \"SUCCESS\" > \"${SCRIPT_OUTPUT_FILE_0}\"\n";
			showEnvVarsInLog = 0;
		};
		D0D6858ED3ABCB0D38FF09BE /* [CP] Embed Pods Frameworks */ = {
			isa = PBXShellScriptBuildPhase;
			buildActionMask = 2147483647;
			files = (
			);
			inputFileListPaths = (
				"${PODS_ROOT}/Target Support Files/Pods-HWlesson26-HWlesson26UITests/Pods-HWlesson26-HWlesson26UITests-frameworks-${CONFIGURATION}-input-files.xcfilelist",
			);
			name = "[CP] Embed Pods Frameworks";
			outputFileListPaths = (
				"${PODS_ROOT}/Target Support Files/Pods-HWlesson26-HWlesson26UITests/Pods-HWlesson26-HWlesson26UITests-frameworks-${CONFIGURATION}-output-files.xcfilelist",
			);
			runOnlyForDeploymentPostprocessing = 0;
			shellPath = /bin/sh;
			shellScript = "\"${PODS_ROOT}/Target Support Files/Pods-HWlesson26-HWlesson26UITests/Pods-HWlesson26-HWlesson26UITests-frameworks.sh\"\n";
			showEnvVarsInLog = 0;
		};
		D1B66319AA2F6D94046128F1 /* [CP] Check Pods Manifest.lock */ = {
			isa = PBXShellScriptBuildPhase;
			buildActionMask = 2147483647;
			files = (
			);
			inputFileListPaths = (
			);
			inputPaths = (
				"${PODS_PODFILE_DIR_PATH}/Podfile.lock",
				"${PODS_ROOT}/Manifest.lock",
			);
			name = "[CP] Check Pods Manifest.lock";
			outputFileListPaths = (
			);
			outputPaths = (
				"$(DERIVED_FILE_DIR)/Pods-HWlesson26-checkManifestLockResult.txt",
			);
			runOnlyForDeploymentPostprocessing = 0;
			shellPath = /bin/sh;
			shellScript = "diff \"${PODS_PODFILE_DIR_PATH}/Podfile.lock\" \"${PODS_ROOT}/Manifest.lock\" > /dev/null\nif [ $? != 0 ] ; then\n    # print error to STDERR\n    echo \"error: The sandbox is not in sync with the Podfile.lock. Run 'pod install' or update your CocoaPods installation.\" >&2\n    exit 1\nfi\n# This output is used by Xcode 'outputs' to avoid re-running this script phase.\necho \"SUCCESS\" > \"${SCRIPT_OUTPUT_FILE_0}\"\n";
			showEnvVarsInLog = 0;
		};
		E41E95C1D5CB5B2EEDD6A16B /* [CP] Check Pods Manifest.lock */ = {
			isa = PBXShellScriptBuildPhase;
			buildActionMask = 2147483647;
			files = (
			);
			inputFileListPaths = (
			);
			inputPaths = (
				"${PODS_PODFILE_DIR_PATH}/Podfile.lock",
				"${PODS_ROOT}/Manifest.lock",
			);
			name = "[CP] Check Pods Manifest.lock";
			outputFileListPaths = (
			);
			outputPaths = (
				"$(DERIVED_FILE_DIR)/Pods-HWlesson26-HWlesson26UITests-checkManifestLockResult.txt",
			);
			runOnlyForDeploymentPostprocessing = 0;
			shellPath = /bin/sh;
			shellScript = "diff \"${PODS_PODFILE_DIR_PATH}/Podfile.lock\" \"${PODS_ROOT}/Manifest.lock\" > /dev/null\nif [ $? != 0 ] ; then\n    # print error to STDERR\n    echo \"error: The sandbox is not in sync with the Podfile.lock. Run 'pod install' or update your CocoaPods installation.\" >&2\n    exit 1\nfi\n# This output is used by Xcode 'outputs' to avoid re-running this script phase.\necho \"SUCCESS\" > \"${SCRIPT_OUTPUT_FILE_0}\"\n";
			showEnvVarsInLog = 0;
		};
/* End PBXShellScriptBuildPhase section */

/* Begin PBXSourcesBuildPhase section */
		A76A93652BA0703A00D4F774 /* Sources */ = {
			isa = PBXSourcesBuildPhase;
			buildActionMask = 2147483647;
			files = (
				A76A93A12BA070D200D4F774 /* NetworkManager.swift in Sources */,
				A76A93712BA0703A00D4F774 /* ViewController.swift in Sources */,
				A76A93A52BA0809A00D4F774 /* UsersTableViewCell.swift in Sources */,
				A76A939F2BA0708300D4F774 /* Users.swift in Sources */,
				A76A936D2BA0703A00D4F774 /* AppDelegate.swift in Sources */,
				A76A936F2BA0703A00D4F774 /* SceneDelegate.swift in Sources */,
			);
			runOnlyForDeploymentPostprocessing = 0;
		};
		A76A937B2BA0703B00D4F774 /* Sources */ = {
			isa = PBXSourcesBuildPhase;
			buildActionMask = 2147483647;
			files = (
				A76A93842BA0703B00D4F774 /* HWlesson26_1Tests.swift in Sources */,
			);
			runOnlyForDeploymentPostprocessing = 0;
		};
		A76A93852BA0703B00D4F774 /* Sources */ = {
			isa = PBXSourcesBuildPhase;
			buildActionMask = 2147483647;
			files = (
				A76A938E2BA0703B00D4F774 /* HWlesson26_1UITests.swift in Sources */,
				A76A93902BA0703B00D4F774 /* HWlesson26_1UITestsLaunchTests.swift in Sources */,
			);
			runOnlyForDeploymentPostprocessing = 0;
		};
/* End PBXSourcesBuildPhase section */

/* Begin PBXTargetDependency section */
		A76A93812BA0703B00D4F774 /* PBXTargetDependency */ = {
			isa = PBXTargetDependency;
			target = A76A93682BA0703A00D4F774 /* HWlesson26 */;
			targetProxy = A76A93802BA0703B00D4F774 /* PBXContainerItemProxy */;
		};
		A76A938B2BA0703B00D4F774 /* PBXTargetDependency */ = {
			isa = PBXTargetDependency;
			target = A76A93682BA0703A00D4F774 /* HWlesson26 */;
			targetProxy = A76A938A2BA0703B00D4F774 /* PBXContainerItemProxy */;
		};
/* End PBXTargetDependency section */

/* Begin PBXVariantGroup section */
		A76A93722BA0703A00D4F774 /* Main.storyboard */ = {
			isa = PBXVariantGroup;
			children = (
				A76A93732BA0703A00D4F774 /* Base */,
			);
			name = Main.storyboard;
			sourceTree = "<group>";
		};
		A76A93772BA0703B00D4F774 /* LaunchScreen.storyboard */ = {
			isa = PBXVariantGroup;
			children = (
				A76A93782BA0703B00D4F774 /* Base */,
			);
			name = LaunchScreen.storyboard;
			sourceTree = "<group>";
		};
/* End PBXVariantGroup section */

/* Begin XCBuildConfiguration section */
		A76A93912BA0703B00D4F774 /* Debug */ = {
			isa = XCBuildConfiguration;
			buildSettings = {
				ALWAYS_SEARCH_USER_PATHS = NO;
				ASSETCATALOG_COMPILER_GENERATE_SWIFT_ASSET_SYMBOL_EXTENSIONS = YES;
				CLANG_ANALYZER_NONNULL = YES;
				CLANG_ANALYZER_NUMBER_OBJECT_CONVERSION = YES_AGGRESSIVE;
				CLANG_CXX_LANGUAGE_STANDARD = "gnu++20";
				CLANG_ENABLE_MODULES = YES;
				CLANG_ENABLE_OBJC_ARC = YES;
				CLANG_ENABLE_OBJC_WEAK = YES;
				CLANG_WARN_BLOCK_CAPTURE_AUTORELEASING = YES;
				CLANG_WARN_BOOL_CONVERSION = YES;
				CLANG_WARN_COMMA = YES;
				CLANG_WARN_CONSTANT_CONVERSION = YES;
				CLANG_WARN_DEPRECATED_OBJC_IMPLEMENTATIONS = YES;
				CLANG_WARN_DIRECT_OBJC_ISA_USAGE = YES_ERROR;
				CLANG_WARN_DOCUMENTATION_COMMENTS = YES;
				CLANG_WARN_EMPTY_BODY = YES;
				CLANG_WARN_ENUM_CONVERSION = YES;
				CLANG_WARN_INFINITE_RECURSION = YES;
				CLANG_WARN_INT_CONVERSION = YES;
				CLANG_WARN_NON_LITERAL_NULL_CONVERSION = YES;
				CLANG_WARN_OBJC_IMPLICIT_RETAIN_SELF = YES;
				CLANG_WARN_OBJC_LITERAL_CONVERSION = YES;
				CLANG_WARN_OBJC_ROOT_CLASS = YES_ERROR;
				CLANG_WARN_QUOTED_INCLUDE_IN_FRAMEWORK_HEADER = YES;
				CLANG_WARN_RANGE_LOOP_ANALYSIS = YES;
				CLANG_WARN_STRICT_PROTOTYPES = YES;
				CLANG_WARN_SUSPICIOUS_MOVE = YES;
				CLANG_WARN_UNGUARDED_AVAILABILITY = YES_AGGRESSIVE;
				CLANG_WARN_UNREACHABLE_CODE = YES;
				CLANG_WARN__DUPLICATE_METHOD_MATCH = YES;
				COPY_PHASE_STRIP = NO;
				DEBUG_INFORMATION_FORMAT = dwarf;
				ENABLE_STRICT_OBJC_MSGSEND = YES;
				ENABLE_TESTABILITY = YES;
				ENABLE_USER_SCRIPT_SANDBOXING = NO;
				GCC_C_LANGUAGE_STANDARD = gnu17;
				GCC_DYNAMIC_NO_PIC = NO;
				GCC_NO_COMMON_BLOCKS = YES;
				GCC_OPTIMIZATION_LEVEL = 0;
				GCC_PREPROCESSOR_DEFINITIONS = (
					"DEBUG=1",
					"$(inherited)",
				);
				GCC_WARN_64_TO_32_BIT_CONVERSION = YES;
				GCC_WARN_ABOUT_RETURN_TYPE = YES_ERROR;
				GCC_WARN_UNDECLARED_SELECTOR = YES;
				GCC_WARN_UNINITIALIZED_AUTOS = YES_AGGRESSIVE;
				GCC_WARN_UNUSED_FUNCTION = YES;
				GCC_WARN_UNUSED_VARIABLE = YES;
				IPHONEOS_DEPLOYMENT_TARGET = 17.4;
				LOCALIZATION_PREFERS_STRING_CATALOGS = YES;
				MTL_ENABLE_DEBUG_INFO = INCLUDE_SOURCE;
				MTL_FAST_MATH = YES;
				ONLY_ACTIVE_ARCH = YES;
				SDKROOT = iphoneos;
				SWIFT_ACTIVE_COMPILATION_CONDITIONS = "DEBUG $(inherited)";
				SWIFT_OPTIMIZATION_LEVEL = "-Onone";
			};
			name = Debug;
		};
		A76A93922BA0703B00D4F774 /* Release */ = {
			isa = XCBuildConfiguration;
			buildSettings = {
				ALWAYS_SEARCH_USER_PATHS = NO;
				ASSETCATALOG_COMPILER_GENERATE_SWIFT_ASSET_SYMBOL_EXTENSIONS = YES;
				CLANG_ANALYZER_NONNULL = YES;
				CLANG_ANALYZER_NUMBER_OBJECT_CONVERSION = YES_AGGRESSIVE;
				CLANG_CXX_LANGUAGE_STANDARD = "gnu++20";
				CLANG_ENABLE_MODULES = YES;
				CLANG_ENABLE_OBJC_ARC = YES;
				CLANG_ENABLE_OBJC_WEAK = YES;
				CLANG_WARN_BLOCK_CAPTURE_AUTORELEASING = YES;
				CLANG_WARN_BOOL_CONVERSION = YES;
				CLANG_WARN_COMMA = YES;
				CLANG_WARN_CONSTANT_CONVERSION = YES;
				CLANG_WARN_DEPRECATED_OBJC_IMPLEMENTATIONS = YES;
				CLANG_WARN_DIRECT_OBJC_ISA_USAGE = YES_ERROR;
				CLANG_WARN_DOCUMENTATION_COMMENTS = YES;
				CLANG_WARN_EMPTY_BODY = YES;
				CLANG_WARN_ENUM_CONVERSION = YES;
				CLANG_WARN_INFINITE_RECURSION = YES;
				CLANG_WARN_INT_CONVERSION = YES;
				CLANG_WARN_NON_LITERAL_NULL_CONVERSION = YES;
				CLANG_WARN_OBJC_IMPLICIT_RETAIN_SELF = YES;
				CLANG_WARN_OBJC_LITERAL_CONVERSION = YES;
				CLANG_WARN_OBJC_ROOT_CLASS = YES_ERROR;
				CLANG_WARN_QUOTED_INCLUDE_IN_FRAMEWORK_HEADER = YES;
				CLANG_WARN_RANGE_LOOP_ANALYSIS = YES;
				CLANG_WARN_STRICT_PROTOTYPES = YES;
				CLANG_WARN_SUSPICIOUS_MOVE = YES;
				CLANG_WARN_UNGUARDED_AVAILABILITY = YES_AGGRESSIVE;
				CLANG_WARN_UNREACHABLE_CODE = YES;
				CLANG_WARN__DUPLICATE_METHOD_MATCH = YES;
				COPY_PHASE_STRIP = NO;
				DEBUG_INFORMATION_FORMAT = "dwarf-with-dsym";
				ENABLE_NS_ASSERTIONS = NO;
				ENABLE_STRICT_OBJC_MSGSEND = YES;
				ENABLE_USER_SCRIPT_SANDBOXING = NO;
				GCC_C_LANGUAGE_STANDARD = gnu17;
				GCC_NO_COMMON_BLOCKS = YES;
				GCC_WARN_64_TO_32_BIT_CONVERSION = YES;
				GCC_WARN_ABOUT_RETURN_TYPE = YES_ERROR;
				GCC_WARN_UNDECLARED_SELECTOR = YES;
				GCC_WARN_UNINITIALIZED_AUTOS = YES_AGGRESSIVE;
				GCC_WARN_UNUSED_FUNCTION = YES;
				GCC_WARN_UNUSED_VARIABLE = YES;
				IPHONEOS_DEPLOYMENT_TARGET = 17.4;
				LOCALIZATION_PREFERS_STRING_CATALOGS = YES;
				MTL_ENABLE_DEBUG_INFO = NO;
				MTL_FAST_MATH = YES;
				SDKROOT = iphoneos;
				SWIFT_COMPILATION_MODE = wholemodule;
				VALIDATE_PRODUCT = YES;
			};
			name = Release;
		};
		A76A93942BA0703B00D4F774 /* Debug */ = {
			isa = XCBuildConfiguration;
			baseConfigurationReference = 8219DDB5AB8CDC99DBCF9582 /* Pods-HWlesson26.debug.xcconfig */;
			buildSettings = {
				ASSETCATALOG_COMPILER_APPICON_NAME = AppIcon;
				ASSETCATALOG_COMPILER_GLOBAL_ACCENT_COLOR_NAME = AccentColor;
				CODE_SIGN_STYLE = Automatic;
				CURRENT_PROJECT_VERSION = 1;
				GENERATE_INFOPLIST_FILE = YES;
				INFOPLIST_FILE = "HWlesson26-1/Info.plist";
				INFOPLIST_KEY_UIApplicationSupportsIndirectInputEvents = YES;
				INFOPLIST_KEY_UILaunchStoryboardName = LaunchScreen;
				INFOPLIST_KEY_UIMainStoryboardFile = Main;
				INFOPLIST_KEY_UISupportedInterfaceOrientations_iPad = "UIInterfaceOrientationPortrait UIInterfaceOrientationPortraitUpsideDown UIInterfaceOrientationLandscapeLeft UIInterfaceOrientationLandscapeRight";
				INFOPLIST_KEY_UISupportedInterfaceOrientations_iPhone = "UIInterfaceOrientationPortrait UIInterfaceOrientationLandscapeLeft UIInterfaceOrientationLandscapeRight";
				LD_RUNPATH_SEARCH_PATHS = (
					"$(inherited)",
					"@executable_path/Frameworks",
				);
				MARKETING_VERSION = 1.0;
				PRODUCT_BUNDLE_IDENTIFIER = "tms.HWlesson26-1";
				PRODUCT_NAME = "$(TARGET_NAME)";
				SWIFT_EMIT_LOC_STRINGS = YES;
				SWIFT_VERSION = 5.0;
				TARGETED_DEVICE_FAMILY = "1,2";
			};
			name = Debug;
		};
		A76A93952BA0703B00D4F774 /* Release */ = {
			isa = XCBuildConfiguration;
			baseConfigurationReference = BAAE06A58C9764D4484915CE /* Pods-HWlesson26.release.xcconfig */;
			buildSettings = {
				ASSETCATALOG_COMPILER_APPICON_NAME = AppIcon;
				ASSETCATALOG_COMPILER_GLOBAL_ACCENT_COLOR_NAME = AccentColor;
				CODE_SIGN_STYLE = Automatic;
				CURRENT_PROJECT_VERSION = 1;
				GENERATE_INFOPLIST_FILE = YES;
				INFOPLIST_FILE = "HWlesson26-1/Info.plist";
				INFOPLIST_KEY_UIApplicationSupportsIndirectInputEvents = YES;
				INFOPLIST_KEY_UILaunchStoryboardName = LaunchScreen;
				INFOPLIST_KEY_UIMainStoryboardFile = Main;
				INFOPLIST_KEY_UISupportedInterfaceOrientations_iPad = "UIInterfaceOrientationPortrait UIInterfaceOrientationPortraitUpsideDown UIInterfaceOrientationLandscapeLeft UIInterfaceOrientationLandscapeRight";
				INFOPLIST_KEY_UISupportedInterfaceOrientations_iPhone = "UIInterfaceOrientationPortrait UIInterfaceOrientationLandscapeLeft UIInterfaceOrientationLandscapeRight";
				LD_RUNPATH_SEARCH_PATHS = (
					"$(inherited)",
					"@executable_path/Frameworks",
				);
				MARKETING_VERSION = 1.0;
				PRODUCT_BUNDLE_IDENTIFIER = "tms.HWlesson26-1";
				PRODUCT_NAME = "$(TARGET_NAME)";
				SWIFT_EMIT_LOC_STRINGS = YES;
				SWIFT_VERSION = 5.0;
				TARGETED_DEVICE_FAMILY = "1,2";
			};
			name = Release;
		};
		A76A93972BA0703B00D4F774 /* Debug */ = {
			isa = XCBuildConfiguration;
			baseConfigurationReference = 776F42A6BE3E4E9FADBD3765 /* Pods-HWlesson26Tests.debug.xcconfig */;
			buildSettings = {
				ALWAYS_EMBED_SWIFT_STANDARD_LIBRARIES = YES;
				BUNDLE_LOADER = "$(TEST_HOST)";
				CODE_SIGN_STYLE = Automatic;
				CURRENT_PROJECT_VERSION = 1;
				GENERATE_INFOPLIST_FILE = YES;
				IPHONEOS_DEPLOYMENT_TARGET = 17.4;
				MARKETING_VERSION = 1.0;
				PRODUCT_BUNDLE_IDENTIFIER = "tms.HWlesson26-1Tests";
				PRODUCT_NAME = "$(TARGET_NAME)";
				SWIFT_EMIT_LOC_STRINGS = NO;
				SWIFT_VERSION = 5.0;
				TARGETED_DEVICE_FAMILY = "1,2";
				TEST_HOST = "$(BUILT_PRODUCTS_DIR)/HWlesson26.app/$(BUNDLE_EXECUTABLE_FOLDER_PATH)/HWlesson26";
			};
			name = Debug;
		};
		A76A93982BA0703B00D4F774 /* Release */ = {
			isa = XCBuildConfiguration;
			baseConfigurationReference = 78495E7B4F7B7A353865B041 /* Pods-HWlesson26Tests.release.xcconfig */;
			buildSettings = {
				ALWAYS_EMBED_SWIFT_STANDARD_LIBRARIES = YES;
				BUNDLE_LOADER = "$(TEST_HOST)";
				CODE_SIGN_STYLE = Automatic;
				CURRENT_PROJECT_VERSION = 1;
				GENERATE_INFOPLIST_FILE = YES;
				IPHONEOS_DEPLOYMENT_TARGET = 17.4;
				MARKETING_VERSION = 1.0;
				PRODUCT_BUNDLE_IDENTIFIER = "tms.HWlesson26-1Tests";
				PRODUCT_NAME = "$(TARGET_NAME)";
				SWIFT_EMIT_LOC_STRINGS = NO;
				SWIFT_VERSION = 5.0;
				TARGETED_DEVICE_FAMILY = "1,2";
				TEST_HOST = "$(BUILT_PRODUCTS_DIR)/HWlesson26.app/$(BUNDLE_EXECUTABLE_FOLDER_PATH)/HWlesson26";
			};
			name = Release;
		};
		A76A939A2BA0703B00D4F774 /* Debug */ = {
			isa = XCBuildConfiguration;
			baseConfigurationReference = 060AB2A9DC54A7A058151BA2 /* Pods-HWlesson26-HWlesson26UITests.debug.xcconfig */;
			buildSettings = {
				ALWAYS_EMBED_SWIFT_STANDARD_LIBRARIES = YES;
				CODE_SIGN_STYLE = Automatic;
				CURRENT_PROJECT_VERSION = 1;
				GENERATE_INFOPLIST_FILE = YES;
				MARKETING_VERSION = 1.0;
				PRODUCT_BUNDLE_IDENTIFIER = "tms.HWlesson26-1UITests";
				PRODUCT_NAME = "$(TARGET_NAME)";
				SWIFT_EMIT_LOC_STRINGS = NO;
				SWIFT_VERSION = 5.0;
				TARGETED_DEVICE_FAMILY = "1,2";
				TEST_TARGET_NAME = "HWlesson26-1";
			};
			name = Debug;
		};
		A76A939B2BA0703B00D4F774 /* Release */ = {
			isa = XCBuildConfiguration;
			baseConfigurationReference = 74C9B2F4C8397EE0D5AE8E5A /* Pods-HWlesson26-HWlesson26UITests.release.xcconfig */;
			buildSettings = {
				ALWAYS_EMBED_SWIFT_STANDARD_LIBRARIES = YES;
				CODE_SIGN_STYLE = Automatic;
				CURRENT_PROJECT_VERSION = 1;
				GENERATE_INFOPLIST_FILE = YES;
				MARKETING_VERSION = 1.0;
				PRODUCT_BUNDLE_IDENTIFIER = "tms.HWlesson26-1UITests";
				PRODUCT_NAME = "$(TARGET_NAME)";
				SWIFT_EMIT_LOC_STRINGS = NO;
				SWIFT_VERSION = 5.0;
				TARGETED_DEVICE_FAMILY = "1,2";
				TEST_TARGET_NAME = "HWlesson26-1";
			};
			name = Release;
		};
/* End XCBuildConfiguration section */

/* Begin XCConfigurationList section */
		A76A93642BA0703A00D4F774 /* Build configuration list for PBXProject "HWlesson26" */ = {
			isa = XCConfigurationList;
			buildConfigurations = (
				A76A93912BA0703B00D4F774 /* Debug */,
				A76A93922BA0703B00D4F774 /* Release */,
			);
			defaultConfigurationIsVisible = 0;
			defaultConfigurationName = Release;
		};
		A76A93932BA0703B00D4F774 /* Build configuration list for PBXNativeTarget "HWlesson26" */ = {
			isa = XCConfigurationList;
			buildConfigurations = (
				A76A93942BA0703B00D4F774 /* Debug */,
				A76A93952BA0703B00D4F774 /* Release */,
			);
			defaultConfigurationIsVisible = 0;
			defaultConfigurationName = Release;
		};
		A76A93962BA0703B00D4F774 /* Build configuration list for PBXNativeTarget "HWlesson26Tests" */ = {
			isa = XCConfigurationList;
			buildConfigurations = (
				A76A93972BA0703B00D4F774 /* Debug */,
				A76A93982BA0703B00D4F774 /* Release */,
			);
			defaultConfigurationIsVisible = 0;
			defaultConfigurationName = Release;
		};
		A76A93992BA0703B00D4F774 /* Build configuration list for PBXNativeTarget "HWlesson26UITests" */ = {
			isa = XCConfigurationList;
			buildConfigurations = (
				A76A939A2BA0703B00D4F774 /* Debug */,
				A76A939B2BA0703B00D4F774 /* Release */,
			);
			defaultConfigurationIsVisible = 0;
			defaultConfigurationName = Release;
		};
/* End XCConfigurationList section */
	};
	rootObject = A76A93612BA0703A00D4F774 /* Project object */;
}
